
Microsoft Visual Studio Solution File, Format Version 12.00
# Visual Studio Version 16
VisualStudioVersion = 16.0.32106.194
MinimumVisualStudioVersion = 10.0.40219.1
Project("{9A19103F-16F7-4668-BE54-9A1E7A4F7556}") = "PetShop", "PetShop\PetShop.csproj", "{9DD65362-B110-4277-96AF-5A068B0815D1}"
EndProject
Project("{FAE04EC0-301F-11D3-BF4B-00C04F79EFBC}") = "DAO", "DAO\DAO.csproj", "{8984B94A-C247-4C89-BA8F-29B744B25D1F}"
EndProject
Global
	GlobalSection(SolutionConfigurationPlatforms) = preSolution
		Debug|Any CPU = Debug|Any CPU
		Release|Any CPU = Release|Any CPU
	EndGlobalSection
	GlobalSection(ProjectConfigurationPlatforms) = postSolution
		{9DD65362-B110-4277-96AF-5A068B0815D1}.Debug|Any CPU.ActiveCfg = Debug|Any CPU
		{9DD65362-B110-4277-96AF-5A068B0815D1}.Debug|Any CPU.Build.0 = Debug|Any CPU
		{9DD65362-B110-4277-96AF-5A068B0815D1}.Release|Any CPU.ActiveCfg = Release|Any CPU
		{9DD65362-B110-4277-96AF-5A068B0815D1}.Release|Any CPU.Build.0 = Release|Any CPU
		{8984B94A-C247-4C89-BA8F-29B744B25D1F}.Debug|Any CPU.ActiveCfg = Debug|Any CPU
		{8984B94A-C247-4C89-BA8F-29B744B25D1F}.Debug|Any CPU.Build.0 = Debug|Any CPU
		{8984B94A-C247-4C89-BA8F-29B744B25D1F}.Release|Any CPU.ActiveCfg = Release|Any CPU
		{8984B94A-C247-4C89-BA8F-29B744B25D1F}.Release|Any CPU.Build.0 = Release|Any CPU
	EndGlobalSection
	GlobalSection(SolutionProperties) = preSolution
		HideSolutionNode = FALSE
	EndGlobalSection
	GlobalSection(ExtensibilityGlobals) = postSolution
		SolutionGuid = {62296F56-EB9B-447A-861E-9B45F0690D0A}
	EndGlobalSection
EndGlobal
